// !$*UTF8*$!
{
	archiveVersion = 1;
	classes = {
	};
	objectVersion = 56;
	objects = {

/* Begin PBXBuildFile section */
		6878BE822C72381500EE828F /* AppDelegate.swift in Sources */ = {isa = PBXBuildFile; fileRef = 6878BE812C72381500EE828F /* AppDelegate.swift */; };
		6878BE842C72381500EE828F /* SceneDelegate.swift in Sources */ = {isa = PBXBuildFile; fileRef = 6878BE832C72381500EE828F /* SceneDelegate.swift */; };
		6878BE862C72381500EE828F /* ViewController.swift in Sources */ = {isa = PBXBuildFile; fileRef = 6878BE852C72381500EE828F /* ViewController.swift */; };
		6878BE892C72381500EE828F /* Main.storyboard in Resources */ = {isa = PBXBuildFile; fileRef = 6878BE872C72381500EE828F /* Main.storyboard */; };
		6878BE8B2C72381700EE828F /* Assets.xcassets in Resources */ = {isa = PBXBuildFile; fileRef = 6878BE8A2C72381700EE828F /* Assets.xcassets */; };
		6878BE8E2C72381700EE828F /* LaunchScreen.storyboard in Resources */ = {isa = PBXBuildFile; fileRef = 6878BE8C2C72381700EE828F /* LaunchScreen.storyboard */; };
		6878BE992C72381800EE828F /* KJCalculatorTests.swift in Sources */ = {isa = PBXBuildFile; fileRef = 6878BE982C72381800EE828F /* KJCalculatorTests.swift */; };
		6878BEA32C72381800EE828F /* KJCalculatorUITests.swift in Sources */ = {isa = PBXBuildFile; fileRef = 6878BEA22C72381800EE828F /* KJCalculatorUITests.swift */; };
		6878BEA52C72381800EE828F /* KJCalculatorUITestsLaunchTests.swift in Sources */ = {isa = PBXBuildFile; fileRef = 6878BEA42C72381800EE828F /* KJCalculatorUITestsLaunchTests.swift */; };
		6878BEB32C7239ED00EE828F /* KJFuncButton.swift in Sources */ = {isa = PBXBuildFile; fileRef = 6878BEB22C7239ED00EE828F /* KJFuncButton.swift */; };
		6878BEB52C723A2500EE828F /* KJBoard.swift in Sources */ = {isa = PBXBuildFile; fileRef = 6878BEB42C723A2500EE828F /* KJBoard.swift */; };
		6878BEB72C723A5F00EE828F /* KJScreen.swift in Sources */ = {isa = PBXBuildFile; fileRef = 6878BEB62C723A5F00EE828F /* KJScreen.swift */; };
		6878BEB92C723A8000EE828F /* KJCalculatorEngine.swift in Sources */ = {isa = PBXBuildFile; fileRef = 6878BEB82C723A8000EE828F /* KJCalculatorEngine.swift */; };
		9B512A1C7357866A9A3E12BA /* Pods_KJCalculator.framework in Frameworks */ = {isa = PBXBuildFile; fileRef = 1E41196E8F470D1082BB0858 /* Pods_KJCalculator.framework */; };
/* End PBXBuildFile section */

/* Begin PBXContainerItemProxy section */
		6878BE952C72381800EE828F /* PBXContainerItemProxy */ = {
			isa = PBXContainerItemProxy;
			containerPortal = 6878BE762C72381500EE828F /* Project object */;
			proxyType = 1;
			remoteGlobalIDString = 6878BE7D2C72381500EE828F;
			remoteInfo = KJCalculator;
		};
		6878BE9F2C72381800EE828F /* PBXContainerItemProxy */ = {
			isa = PBXContainerItemProxy;
			containerPortal = 6878BE762C72381500EE828F /* Project object */;
			proxyType = 1;
			remoteGlobalIDString = 6878BE7D2C72381500EE828F;
			remoteInfo = KJCalculator;
		};
/* End PBXContainerItemProxy section */

/* Begin PBXFileReference section */
		1E41196E8F470D1082BB0858 /* Pods_KJCalculator.framework */ = {isa = PBXFileReference; explicitFileType = wrapper.framework; includeInIndex = 0; path = Pods_KJCalculator.framework; sourceTree = BUILT_PRODUCTS_DIR; };
		6878BE7E2C72381500EE828F /* KJCalculator.app */ = {isa = PBXFileReference; explicitFileType = wrapper.application; includeInIndex = 0; path = KJCalculator.app; sourceTree = BUILT_PRODUCTS_DIR; };
		6878BE812C72381500EE828F /* AppDelegate.swift */ = {isa = PBXFileReference; lastKnownFileType = sourcecode.swift; path = AppDelegate.swift; sourceTree = "<group>"; };
		6878BE832C72381500EE828F /* SceneDelegate.swift */ = {isa = PBXFileReference; lastKnownFileType = sourcecode.swift; path = SceneDelegate.swift; sourceTree = "<group>"; };
		6878BE852C72381500EE828F /* ViewController.swift */ = {isa = PBXFileReference; lastKnownFileType = sourcecode.swift; path = ViewController.swift; sourceTree = "<group>"; };
		6878BE882C72381500EE828F /* Base */ = {isa = PBXFileReference; lastKnownFileType = file.storyboard; name = Base; path = Base.lproj/Main.storyboard; sourceTree = "<group>"; };
		6878BE8A2C72381700EE828F /* Assets.xcassets */ = {isa = PBXFileReference; lastKnownFileType = folder.assetcatalog; path = Assets.xcassets; sourceTree = "<group>"; };
		6878BE8D2C72381700EE828F /* Base */ = {isa = PBXFileReference; lastKnownFileType = file.storyboard; name = Base; path = Base.lproj/LaunchScreen.storyboard; sourceTree = "<group>"; };
		6878BE8F2C72381700EE828F /* Info.plist */ = {isa = PBXFileReference; lastKnownFileType = text.plist.xml; path = Info.plist; sourceTree = "<group>"; };
		6878BE942C72381800EE828F /* KJCalculatorTests.xctest */ = {isa = PBXFileReference; explicitFileType = wrapper.cfbundle; includeInIndex = 0; path = KJCalculatorTests.xctest; sourceTree = BUILT_PRODUCTS_DIR; };
		6878BE982C72381800EE828F /* KJCalculatorTests.swift */ = {isa = PBXFileReference; lastKnownFileType = sourcecode.swift; path = KJCalculatorTests.swift; sourceTree = "<group>"; };
		6878BE9E2C72381800EE828F /* KJCalculatorUITests.xctest */ = {isa = PBXFileReference; explicitFileType = wrapper.cfbundle; includeInIndex = 0; path = KJCalculatorUITests.xctest; sourceTree = BUILT_PRODUCTS_DIR; };
		6878BEA22C72381800EE828F /* KJCalculatorUITests.swift */ = {isa = PBXFileReference; lastKnownFileType = sourcecode.swift; path = KJCalculatorUITests.swift; sourceTree = "<group>"; };
		6878BEA42C72381800EE828F /* KJCalculatorUITestsLaunchTests.swift */ = {isa = PBXFileReference; lastKnownFileType = sourcecode.swift; path = KJCalculatorUITestsLaunchTests.swift; sourceTree = "<group>"; };
		6878BEB22C7239ED00EE828F /* KJFuncButton.swift */ = {isa = PBXFileReference; lastKnownFileType = sourcecode.swift; path = KJFuncButton.swift; sourceTree = "<group>"; };
		6878BEB42C723A2500EE828F /* KJBoard.swift */ = {isa = PBXFileReference; lastKnownFileType = sourcecode.swift; path = KJBoard.swift; sourceTree = "<group>"; };
		6878BEB62C723A5F00EE828F /* KJScreen.swift */ = {isa = PBXFileReference; lastKnownFileType = sourcecode.swift; path = KJScreen.swift; sourceTree = "<group>"; };
		6878BEB82C723A8000EE828F /* KJCalculatorEngine.swift */ = {isa = PBXFileReference; lastKnownFileType = sourcecode.swift; path = KJCalculatorEngine.swift; sourceTree = "<group>"; };
		99E34D6718D3AB3E918CA990 /* Pods-KJCalculator.release.xcconfig */ = {isa = PBXFileReference; includeInIndex = 1; lastKnownFileType = text.xcconfig; name = "Pods-KJCalculator.release.xcconfig"; path = "Target Support Files/Pods-KJCalculator/Pods-KJCalculator.release.xcconfig"; sourceTree = "<group>"; };
		C9DA93CE5D720E97777D0494 /* Pods-KJCalculator.debug.xcconfig */ = {isa = PBXFileReference; includeInIndex = 1; lastKnownFileType = text.xcconfig; name = "Pods-KJCalculator.debug.xcconfig"; path = "Target Support Files/Pods-KJCalculator/Pods-KJCalculator.debug.xcconfig"; sourceTree = "<group>"; };
/* End PBXFileReference section */

/* Begin PBXFrameworksBuildPhase section */
		6878BE7B2C72381500EE828F /* Frameworks */ = {
			isa = PBXFrameworksBuildPhase;
			buildActionMask = 2147483647;
			files = (
				9B512A1C7357866A9A3E12BA /* Pods_KJCalculator.framework in Frameworks */,
			);
			runOnlyForDeploymentPostprocessing = 0;
		};
		6878BE912C72381800EE828F /* Frameworks */ = {
			isa = PBXFrameworksBuildPhase;
			buildActionMask = 2147483647;
			files = (
			);
			runOnlyForDeploymentPostprocessing = 0;
		};
		6878BE9B2C72381800EE828F /* Frameworks */ = {
			isa = PBXFrameworksBuildPhase;
			buildActionMask = 2147483647;
			files = (
			);
			runOnlyForDeploymentPostprocessing = 0;
		};
/* End PBXFrameworksBuildPhase section */

/* Begin PBXGroup section */
		37A311EDBB589F3F5D92ACED /* Frameworks */ = {
			isa = PBXGroup;
			children = (
				1E41196E8F470D1082BB0858 /* Pods_KJCalculator.framework */,
			);
			name = Frameworks;
			sourceTree = "<group>";
		};
		6878BE752C72381500EE828F = {
			isa = PBXGroup;
			children = (
				6878BE802C72381500EE828F /* KJCalculator */,
				6878BE972C72381800EE828F /* KJCalculatorTests */,
				6878BEA12C72381800EE828F /* KJCalculatorUITests */,
				6878BE7F2C72381500EE828F /* Products */,
				DF37B67A8DBA6F178338256E /* Pods */,
				37A311EDBB589F3F5D92ACED /* Frameworks */,
			);
			sourceTree = "<group>";
		};
		6878BE7F2C72381500EE828F /* Products */ = {
			isa = PBXGroup;
			children = (
				6878BE7E2C72381500EE828F /* KJCalculator.app */,
				6878BE942C72381800EE828F /* KJCalculatorTests.xctest */,
				6878BE9E2C72381800EE828F /* KJCalculatorUITests.xctest */,
			);
			name = Products;
			sourceTree = "<group>";
		};
		6878BE802C72381500EE828F /* KJCalculator */ = {
			isa = PBXGroup;
			children = (
				6878BEB12C72398200EE828F /* Class */,
				6878BE812C72381500EE828F /* AppDelegate.swift */,
				6878BE832C72381500EE828F /* SceneDelegate.swift */,
				6878BE852C72381500EE828F /* ViewController.swift */,
				6878BE872C72381500EE828F /* Main.storyboard */,
				6878BE8A2C72381700EE828F /* Assets.xcassets */,
				6878BE8C2C72381700EE828F /* LaunchScreen.storyboard */,
				6878BE8F2C72381700EE828F /* Info.plist */,
			);
			path = KJCalculator;
			sourceTree = "<group>";
		};
		6878BE972C72381800EE828F /* KJCalculatorTests */ = {
			isa = PBXGroup;
			children = (
				6878BE982C72381800EE828F /* KJCalculatorTests.swift */,
			);
			path = KJCalculatorTests;
			sourceTree = "<group>";
		};
		6878BEA12C72381800EE828F /* KJCalculatorUITests */ = {
			isa = PBXGroup;
			children = (
				6878BEA22C72381800EE828F /* KJCalculatorUITests.swift */,
				6878BEA42C72381800EE828F /* KJCalculatorUITestsLaunchTests.swift */,
			);
			path = KJCalculatorUITests;
			sourceTree = "<group>";
		};
		6878BEB12C72398200EE828F /* Class */ = {
			isa = PBXGroup;
			children = (
				6878BEB22C7239ED00EE828F /* KJFuncButton.swift */,
				6878BEB42C723A2500EE828F /* KJBoard.swift */,
				6878BEB62C723A5F00EE828F /* KJScreen.swift */,
				6878BEB82C723A8000EE828F /* KJCalculatorEngine.swift */,
			);
			path = Class;
			sourceTree = "<group>";
		};
		DF37B67A8DBA6F178338256E /* Pods */ = {
			isa = PBXGroup;
			children = (
				C9DA93CE5D720E97777D0494 /* Pods-KJCalculator.debug.xcconfig */,
				99E34D6718D3AB3E918CA990 /* Pods-KJCalculator.release.xcconfig */,
			);
			name = Pods;
			path = Pods;
			sourceTree = "<group>";
		};
/* End PBXGroup section */

/* Begin PBXNativeTarget section */
		6878BE7D2C72381500EE828F /* KJCalculator */ = {
			isa = PBXNativeTarget;
			buildConfigurationList = 6878BEA82C72381800EE828F /* Build configuration list for PBXNativeTarget "KJCalculator" */;
			buildPhases = (
				D9D14621823F96FDBF410A80 /* [CP] Check Pods Manifest.lock */,
				6878BE7A2C72381500EE828F /* Sources */,
				6878BE7B2C72381500EE828F /* Frameworks */,
				6878BE7C2C72381500EE828F /* Resources */,
				F1B9B09159043C62197FE04A /* [CP] Embed Pods Frameworks */,
			);
			buildRules = (
			);
			dependencies = (
			);
			name = KJCalculator;
			productName = KJCalculator;
			productReference = 6878BE7E2C72381500EE828F /* KJCalculator.app */;
			productType = "com.apple.product-type.application";
		};
		6878BE932C72381800EE828F /* KJCalculatorTests */ = {
			isa = PBXNativeTarget;
			buildConfigurationList = 6878BEAB2C72381800EE828F /* Build configuration list for PBXNativeTarget "KJCalculatorTests" */;
			buildPhases = (
				6878BE902C72381800EE828F /* Sources */,
				6878BE912C72381800EE828F /* Frameworks */,
				6878BE922C72381800EE828F /* Resources */,
			);
			buildRules = (
			);
			dependencies = (
				6878BE962C72381800EE828F /* PBXTargetDependency */,
			);
			name = KJCalculatorTests;
			productName = KJCalculatorTests;
			productReference = 6878BE942C72381800EE828F /* KJCalculatorTests.xctest */;
			productType = "com.apple.product-type.bundle.unit-test";
		};
		6878BE9D2C72381800EE828F /* KJCalculatorUITests */ = {
			isa = PBXNativeTarget;
			buildConfigurationList = 6878BEAE2C72381800EE828F /* Build configuration list for PBXNativeTarget "KJCalculatorUITests" */;
			buildPhases = (
				6878BE9A2C72381800EE828F /* Sources */,
				6878BE9B2C72381800EE828F /* Frameworks */,
				6878BE9C2C72381800EE828F /* Resources */,
			);
			buildRules = (
			);
			dependencies = (
				6878BEA02C72381800EE828F /* PBXTargetDependency */,
			);
			name = KJCalculatorUITests;
			productName = KJCalculatorUITests;
			productReference = 6878BE9E2C72381800EE828F /* KJCalculatorUITests.xctest */;
			productType = "com.apple.product-type.bundle.ui-testing";
		};
/* End PBXNativeTarget section */

/* Begin PBXProject section */
		6878BE762C72381500EE828F /* Project object */ = {
			isa = PBXProject;
			attributes = {
				BuildIndependentTargetsInParallel = 1;
				LastSwiftUpdateCheck = 1400;
				LastUpgradeCheck = 1400;
				TargetAttributes = {
					6878BE7D2C72381500EE828F = {
						CreatedOnToolsVersion = 14.0;
					};
					6878BE932C72381800EE828F = {
						CreatedOnToolsVersion = 14.0;
						TestTargetID = 6878BE7D2C72381500EE828F;
					};
					6878BE9D2C72381800EE828F = {
						CreatedOnToolsVersion = 14.0;
						TestTargetID = 6878BE7D2C72381500EE828F;
					};
				};
			};
			buildConfigurationList = 6878BE792C72381500EE828F /* Build configuration list for PBXProject "KJCalculator" */;
			compatibilityVersion = "Xcode 14.0";
			developmentRegion = en;
			hasScannedForEncodings = 0;
			knownRegions = (
				en,
				Base,
			);
			mainGroup = 6878BE752C72381500EE828F;
			productRefGroup = 6878BE7F2C72381500EE828F /* Products */;
			projectDirPath = "";
			projectRoot = "";
			targets = (
				6878BE7D2C72381500EE828F /* KJCalculator */,
				6878BE932C72381800EE828F /* KJCalculatorTests */,
				6878BE9D2C72381800EE828F /* KJCalculatorUITests */,
			);
		};
/* End PBXProject section */

/* Begin PBXResourcesBuildPhase section */
		6878BE7C2C72381500EE828F /* Resources */ = {
			isa = PBXResourcesBuildPhase;
			buildActionMask = 2147483647;
			files = (
				6878BE8E2C72381700EE828F /* LaunchScreen.storyboard in Resources */,
				6878BE8B2C72381700EE828F /* Assets.xcassets in Resources */,
				6878BE892C72381500EE828F /* Main.storyboard in Resources */,
			);
			runOnlyForDeploymentPostprocessing = 0;
		};
		6878BE922C72381800EE828F /* Resources */ = {
			isa = PBXResourcesBuildPhase;
			buildActionMask = 2147483647;
			files = (
			);
			runOnlyForDeploymentPostprocessing = 0;
		};
		6878BE9C2C72381800EE828F /* Resources */ = {
			isa = PBXResourcesBuildPhase;
			buildActionMask = 2147483647;
			files = (
			);
			runOnlyForDeploymentPostprocessing = 0;
		};
/* End PBXResourcesBuildPhase section */

/* Begin PBXShellScriptBuildPhase section */
		D9D14621823F96FDBF410A80 /* [CP] Check Pods Manifest.lock */ = {
			isa = PBXShellScriptBuildPhase;
			buildActionMask = 2147483647;
			files = (
			);
			inputFileListPaths = (
			);
			inputPaths = (
				"${PODS_PODFILE_DIR_PATH}/Podfile.lock",
				"${PODS_ROOT}/Manifest.lock",
			);
			name = "[CP] Check Pods Manifest.lock";
			outputFileListPaths = (
			);
			outputPaths = (
				"$(DERIVED_FILE_DIR)/Pods-KJCalculator-checkManifestLockResult.txt",
			);
			runOnlyForDeploymentPostprocessing = 0;
			shellPath = /bin/sh;
			shellScript = "diff \"${PODS_PODFILE_DIR_PATH}/Podfile.lock\" \"${PODS_ROOT}/Manifest.lock\" > /dev/null\nif [ $? != 0 ] ; then\n    # print error to STDERR\n    echo \"error: The sandbox is not in sync with the Podfile.lock. Run 'pod install' or update your CocoaPods installation.\" >&2\n    exit 1\nfi\n# This output is used by Xcode 'outputs' to avoid re-running this script phase.\necho \"SUCCESS\" > \"${SCRIPT_OUTPUT_FILE_0}\"\n";
			showEnvVarsInLog = 0;
		};
		F1B9B09159043C62197FE04A /* [CP] Embed Pods Frameworks */ = {
			isa = PBXShellScriptBuildPhase;
			buildActionMask = 2147483647;
			files = (
			);
			inputFileListPaths = (
				"${PODS_ROOT}/Target Support Files/Pods-KJCalculator/Pods-KJCalculator-frameworks-${CONFIGURATION}-input-files.xcfilelist",
			);
			name = "[CP] Embed Pods Frameworks";
			outputFileListPaths = (
				"${PODS_ROOT}/Target Support Files/Pods-KJCalculator/Pods-KJCalculator-frameworks-${CONFIGURATION}-output-files.xcfilelist",
			);
			runOnlyForDeploymentPostprocessing = 0;
			shellPath = /bin/sh;
			shellScript = "\"${PODS_ROOT}/Target Support Files/Pods-KJCalculator/Pods-KJCalculator-frameworks.sh\"\n";
			showEnvVarsInLog = 0;
		};
/* End PBXShellScriptBuildPhase section */

/* Begin PBXSourcesBuildPhase section */
		6878BE7A2C72381500EE828F /* Sources */ = {
			isa = PBXSourcesBuildPhase;
			buildActionMask = 2147483647;
			files = (
				6878BE862C72381500EE828F /* ViewController.swift in Sources */,
				6878BE822C72381500EE828F /* AppDelegate.swift in Sources */,
				6878BEB72C723A5F00EE828F /* KJScreen.swift in Sources */,
				6878BEB92C723A8000EE828F /* KJCalculatorEngine.swift in Sources */,
				6878BEB32C7239ED00EE828F /* KJFuncButton.swift in Sources */,
				6878BEB52C723A2500EE828F /* KJBoard.swift in Sources */,
				6878BE842C72381500EE828F /* SceneDelegate.swift in Sources */,
			);
			runOnlyForDeploymentPostprocessing = 0;
		};
		6878BE902C72381800EE828F /* Sources */ = {
			isa = PBXSourcesBuildPhase;
			buildActionMask = 2147483647;
			files = (
				6878BE992C72381800EE828F /* KJCalculatorTests.swift in Sources */,
			);
			runOnlyForDeploymentPostprocessing = 0;
		};
		6878BE9A2C72381800EE828F /* Sources */ = {
			isa = PBXSourcesBuildPhase;
			buildActionMask = 2147483647;
			files = (
				6878BEA32C72381800EE828F /* KJCalculatorUITests.swift in Sources */,
				6878BEA52C72381800EE828F /* KJCalculatorUITestsLaunchTests.swift in Sources */,
			);
			runOnlyForDeploymentPostprocessing = 0;
		};
/* End PBXSourcesBuildPhase section */

/* Begin PBXTargetDependency section */
		6878BE962C72381800EE828F /* PBXTargetDependency */ = {
			isa = PBXTargetDependency;
			target = 6878BE7D2C72381500EE828F /* KJCalculator */;
			targetProxy = 6878BE952C72381800EE828F /* PBXContainerItemProxy */;
		};
		6878BEA02C72381800EE828F /* PBXTargetDependency */ = {
			isa = PBXTargetDependency;
			target = 6878BE7D2C72381500EE828F /* KJCalculator */;
			targetProxy = 6878BE9F2C72381800EE828F /* PBXContainerItemProxy */;
		};
/* End PBXTargetDependency section */

/* Begin PBXVariantGroup section */
		6878BE872C72381500EE828F /* Main.storyboard */ = {
			isa = PBXVariantGroup;
			children = (
				6878BE882C72381500EE828F /* Base */,
			);
			name = Main.storyboard;
			sourceTree = "<group>";
		};
		6878BE8C2C72381700EE828F /* LaunchScreen.storyboard */ = {
			isa = PBXVariantGroup;
			children = (
				6878BE8D2C72381700EE828F /* Base */,
			);
			name = LaunchScreen.storyboard;
			sourceTree = "<group>";
		};
/* End PBXVariantGroup section */

/* Begin XCBuildConfiguration section */
		6878BEA62C72381800EE828F /* Debug */ = {
			isa = XCBuildConfiguration;
			buildSettings = {
				ALWAYS_SEARCH_USER_PATHS = NO;
				CLANG_ANALYZER_NONNULL = YES;
				CLANG_ANALYZER_NUMBER_OBJECT_CONVERSION = YES_AGGRESSIVE;
				CLANG_CXX_LANGUAGE_STANDARD = "gnu++20";
				CLANG_ENABLE_MODULES = YES;
				CLANG_ENABLE_OBJC_ARC = YES;
				CLANG_ENABLE_OBJC_WEAK = YES;
				CLANG_WARN_BLOCK_CAPTURE_AUTORELEASING = YES;
				CLANG_WARN_BOOL_CONVERSION = YES;
				CLANG_WARN_COMMA = YES;
				CLANG_WARN_CONSTANT_CONVERSION = YES;
				CLANG_WARN_DEPRECATED_OBJC_IMPLEMENTATIONS = YES;
				CLANG_WARN_DIRECT_OBJC_ISA_USAGE = YES_ERROR;
				CLANG_WARN_DOCUMENTATION_COMMENTS = YES;
				CLANG_WARN_EMPTY_BODY = YES;
				CLANG_WARN_ENUM_CONVERSION = YES;
				CLANG_WARN_INFINITE_RECURSION = YES;
				CLANG_WARN_INT_CONVERSION = YES;
				CLANG_WARN_NON_LITERAL_NULL_CONVERSION = YES;
				CLANG_WARN_OBJC_IMPLICIT_RETAIN_SELF = YES;
				CLANG_WARN_OBJC_LITERAL_CONVERSION = YES;
				CLANG_WARN_OBJC_ROOT_CLASS = YES_ERROR;
				CLANG_WARN_QUOTED_INCLUDE_IN_FRAMEWORK_HEADER = YES;
				CLANG_WARN_RANGE_LOOP_ANALYSIS = YES;
				CLANG_WARN_STRICT_PROTOTYPES = YES;
				CLANG_WARN_SUSPICIOUS_MOVE = YES;
				CLANG_WARN_UNGUARDED_AVAILABILITY = YES_AGGRESSIVE;
				CLANG_WARN_UNREACHABLE_CODE = YES;
				CLANG_WARN__DUPLICATE_METHOD_MATCH = YES;
				COPY_PHASE_STRIP = NO;
				DEBUG_INFORMATION_FORMAT = dwarf;
				ENABLE_STRICT_OBJC_MSGSEND = YES;
				ENABLE_TESTABILITY = YES;
				GCC_C_LANGUAGE_STANDARD = gnu11;
				GCC_DYNAMIC_NO_PIC = NO;
				GCC_NO_COMMON_BLOCKS = YES;
				GCC_OPTIMIZATION_LEVEL = 0;
				GCC_PREPROCESSOR_DEFINITIONS = (
					"DEBUG=1",
					"$(inherited)",
				);
				GCC_WARN_64_TO_32_BIT_CONVERSION = YES;
				GCC_WARN_ABOUT_RETURN_TYPE = YES_ERROR;
				GCC_WARN_UNDECLARED_SELECTOR = YES;
				GCC_WARN_UNINITIALIZED_AUTOS = YES_AGGRESSIVE;
				GCC_WARN_UNUSED_FUNCTION = YES;
				GCC_WARN_UNUSED_VARIABLE = YES;
				IPHONEOS_DEPLOYMENT_TARGET = 16.0;
				MTL_ENABLE_DEBUG_INFO = INCLUDE_SOURCE;
				MTL_FAST_MATH = YES;
				ONLY_ACTIVE_ARCH = YES;
				SDKROOT = iphoneos;
				SWIFT_ACTIVE_COMPILATION_CONDITIONS = DEBUG;
				SWIFT_OPTIMIZATION_LEVEL = "-Onone";
			};
			name = Debug;
		};
		6878BEA72C72381800EE828F /* Release */ = {
			isa = XCBuildConfiguration;
			buildSettings = {
				ALWAYS_SEARCH_USER_PATHS = NO;
				CLANG_ANALYZER_NONNULL = YES;
				CLANG_ANALYZER_NUMBER_OBJECT_CONVERSION = YES_AGGRESSIVE;
				CLANG_CXX_LANGUAGE_STANDARD = "gnu++20";
				CLANG_ENABLE_MODULES = YES;
				CLANG_ENABLE_OBJC_ARC = YES;
				CLANG_ENABLE_OBJC_WEAK = YES;
				CLANG_WARN_BLOCK_CAPTURE_AUTORELEASING = YES;
				CLANG_WARN_BOOL_CONVERSION = YES;
				CLANG_WARN_COMMA = YES;
				CLANG_WARN_CONSTANT_CONVERSION = YES;
				CLANG_WARN_DEPRECATED_OBJC_IMPLEMENTATIONS = YES;
				CLANG_WARN_DIRECT_OBJC_ISA_USAGE = YES_ERROR;
				CLANG_WARN_DOCUMENTATION_COMMENTS = YES;
				CLANG_WARN_EMPTY_BODY = YES;
				CLANG_WARN_ENUM_CONVERSION = YES;
				CLANG_WARN_INFINITE_RECURSION = YES;
				CLANG_WARN_INT_CONVERSION = YES;
				CLANG_WARN_NON_LITERAL_NULL_CONVERSION = YES;
				CLANG_WARN_OBJC_IMPLICIT_RETAIN_SELF = YES;
				CLANG_WARN_OBJC_LITERAL_CONVERSION = YES;
				CLANG_WARN_OBJC_ROOT_CLASS = YES_ERROR;
				CLANG_WARN_QUOTED_INCLUDE_IN_FRAMEWORK_HEADER = YES;
				CLANG_WARN_RANGE_LOOP_ANALYSIS = YES;
				CLANG_WARN_STRICT_PROTOTYPES = YES;
				CLANG_WARN_SUSPICIOUS_MOVE = YES;
				CLANG_WARN_UNGUARDED_AVAILABILITY = YES_AGGRESSIVE;
				CLANG_WARN_UNREACHABLE_CODE = YES;
				CLANG_WARN__DUPLICATE_METHOD_MATCH = YES;
				COPY_PHASE_STRIP = NO;
				DEBUG_INFORMATION_FORMAT = "dwarf-with-dsym";
				ENABLE_NS_ASSERTIONS = NO;
				ENABLE_STRICT_OBJC_MSGSEND = YES;
				GCC_C_LANGUAGE_STANDARD = gnu11;
				GCC_NO_COMMON_BLOCKS = YES;
				GCC_WARN_64_TO_32_BIT_CONVERSION = YES;
				GCC_WARN_ABOUT_RETURN_TYPE = YES_ERROR;
				GCC_WARN_UNDECLARED_SELECTOR = YES;
				GCC_WARN_UNINITIALIZED_AUTOS = YES_AGGRESSIVE;
				GCC_WARN_UNUSED_FUNCTION = YES;
				GCC_WARN_UNUSED_VARIABLE = YES;
				IPHONEOS_DEPLOYMENT_TARGET = 16.0;
				MTL_ENABLE_DEBUG_INFO = NO;
				MTL_FAST_MATH = YES;
				SDKROOT = iphoneos;
				SWIFT_COMPILATION_MODE = wholemodule;
				SWIFT_OPTIMIZATION_LEVEL = "-O";
				VALIDATE_PRODUCT = YES;
			};
			name = Release;
		};
		6878BEA92C72381800EE828F /* Debug */ = {
			isa = XCBuildConfiguration;
			baseConfigurationReference = C9DA93CE5D720E97777D0494 /* Pods-KJCalculator.debug.xcconfig */;
			buildSettings = {
				ASSETCATALOG_COMPILER_APPICON_NAME = AppIcon;
				ASSETCATALOG_COMPILER_GLOBAL_ACCENT_COLOR_NAME = AccentColor;
				CODE_SIGN_STYLE = Automatic;
				CURRENT_PROJECT_VERSION = 1;
				DEVELOPMENT_TEAM = 6T2VWAK6CR;
				GENERATE_INFOPLIST_FILE = YES;
				INFOPLIST_FILE = KJCalculator/Info.plist;
				INFOPLIST_KEY_UIApplicationSupportsIndirectInputEvents = YES;
				INFOPLIST_KEY_UILaunchStoryboardName = LaunchScreen;
				INFOPLIST_KEY_UIMainStoryboardFile = Main;
				INFOPLIST_KEY_UISupportedInterfaceOrientations_iPad = "UIInterfaceOrientationPortrait UIInterfaceOrientationPortraitUpsideDown UIInterfaceOrientationLandscapeLeft UIInterfaceOrientationLandscapeRight";
				INFOPLIST_KEY_UISupportedInterfaceOrientations_iPhone = "UIInterfaceOrientationPortrait UIInterfaceOrientationLandscapeLeft UIInterfaceOrientationLandscapeRight";
				LD_RUNPATH_SEARCH_PATHS = (
					"$(inherited)",
					"@executable_path/Frameworks",
				);
				MARKETING_VERSION = 1.0;
				PRODUCT_BUNDLE_IDENTIFIER = com.yuanxuehu.KJCalculator;
				PRODUCT_NAME = "$(TARGET_NAME)";
				SWIFT_EMIT_LOC_STRINGS = YES;
				SWIFT_VERSION = 5.0;
				TARGETED_DEVICE_FAMILY = "1,2";
			};
			name = Debug;
		};
		6878BEAA2C72381800EE828F /* Release */ = {
			isa = XCBuildConfiguration;
			baseConfigurationReference = 99E34D6718D3AB3E918CA990 /* Pods-KJCalculator.release.xcconfig */;
			buildSettings = {
				ASSETCATALOG_COMPILER_APPICON_NAME = AppIcon;
				ASSETCATALOG_COMPILER_GLOBAL_ACCENT_COLOR_NAME = AccentColor;
				CODE_SIGN_STYLE = Automatic;
				CURRENT_PROJECT_VERSION = 1;
				DEVELOPMENT_TEAM = 6T2VWAK6CR;
				GENERATE_INFOPLIST_FILE = YES;
				INFOPLIST_FILE = KJCalculator/Info.plist;
				INFOPLIST_KEY_UIApplicationSupportsIndirectInputEvents = YES;
				INFOPLIST_KEY_UILaunchStoryboardName = LaunchScreen;
				INFOPLIST_KEY_UIMainStoryboardFile = Main;
				INFOPLIST_KEY_UISupportedInterfaceOrientations_iPad = "UIInterfaceOrientationPortrait UIInterfaceOrientationPortraitUpsideDown UIInterfaceOrientationLandscapeLeft UIInterfaceOrientationLandscapeRight";
				INFOPLIST_KEY_UISupportedInterfaceOrientations_iPhone = "UIInterfaceOrientationPortrait UIInterfaceOrientationLandscapeLeft UIInterfaceOrientationLandscapeRight";
				LD_RUNPATH_SEARCH_PATHS = (
					"$(inherited)",
					"@executable_path/Frameworks",
				);
				MARKETING_VERSION = 1.0;
				PRODUCT_BUNDLE_IDENTIFIER = com.yuanxuehu.KJCalculator;
				PRODUCT_NAME = "$(TARGET_NAME)";
				SWIFT_EMIT_LOC_STRINGS = YES;
				SWIFT_VERSION = 5.0;
				TARGETED_DEVICE_FAMILY = "1,2";
			};
			name = Release;
		};
		6878BEAC2C72381800EE828F /* Debug */ = {
			isa = XCBuildConfiguration;
			buildSettings = {
				ALWAYS_EMBED_SWIFT_STANDARD_LIBRARIES = YES;
				BUNDLE_LOADER = "$(TEST_HOST)";
				CODE_SIGN_STYLE = Automatic;
				CURRENT_PROJECT_VERSION = 1;
				DEVELOPMENT_TEAM = 6T2VWAK6CR;
				GENERATE_INFOPLIST_FILE = YES;
				IPHONEOS_DEPLOYMENT_TARGET = 16.0;
				MARKETING_VERSION = 1.0;
				PRODUCT_BUNDLE_IDENTIFIER = com.yuanxuehu.KJCalculatorTests;
				PRODUCT_NAME = "$(TARGET_NAME)";
				SWIFT_EMIT_LOC_STRINGS = NO;
				SWIFT_VERSION = 5.0;
				TARGETED_DEVICE_FAMILY = "1,2";
				TEST_HOST = "$(BUILT_PRODUCTS_DIR)/KJCalculator.app/$(BUNDLE_EXECUTABLE_FOLDER_PATH)/KJCalculator";
			};
			name = Debug;
		};
		6878BEAD2C72381800EE828F /* Release */ = {
			isa = XCBuildConfiguration;
			buildSettings = {
				ALWAYS_EMBED_SWIFT_STANDARD_LIBRARIES = YES;
				BUNDLE_LOADER = "$(TEST_HOST)";
				CODE_SIGN_STYLE = Automatic;
				CURRENT_PROJECT_VERSION = 1;
				DEVELOPMENT_TEAM = 6T2VWAK6CR;
				GENERATE_INFOPLIST_FILE = YES;
				IPHONEOS_DEPLOYMENT_TARGET = 16.0;
				MARKETING_VERSION = 1.0;
				PRODUCT_BUNDLE_IDENTIFIER = com.yuanxuehu.KJCalculatorTests;
				PRODUCT_NAME = "$(TARGET_NAME)";
				SWIFT_EMIT_LOC_STRINGS = NO;
				SWIFT_VERSION = 5.0;
				TARGETED_DEVICE_FAMILY = "1,2";
				TEST_HOST = "$(BUILT_PRODUCTS_DIR)/KJCalculator.app/$(BUNDLE_EXECUTABLE_FOLDER_PATH)/KJCalculator";
			};
			name = Release;
		};
		6878BEAF2C72381800EE828F /* Debug */ = {
			isa = XCBuildConfiguration;
			buildSettings = {
				ALWAYS_EMBED_SWIFT_STANDARD_LIBRARIES = YES;
				CODE_SIGN_STYLE = Automatic;
				CURRENT_PROJECT_VERSION = 1;
				DEVELOPMENT_TEAM = 6T2VWAK6CR;
				GENERATE_INFOPLIST_FILE = YES;
				MARKETING_VERSION = 1.0;
				PRODUCT_BUNDLE_IDENTIFIER = com.yuanxuehu.KJCalculatorUITests;
				PRODUCT_NAME = "$(TARGET_NAME)";
				SWIFT_EMIT_LOC_STRINGS = NO;
				SWIFT_VERSION = 5.0;
				TARGETED_DEVICE_FAMILY = "1,2";
				TEST_TARGET_NAME = KJCalculator;
			};
			name = Debug;
		};
		6878BEB02C72381800EE828F /* Release */ = {
			isa = XCBuildConfiguration;
			buildSettings = {
				ALWAYS_EMBED_SWIFT_STANDARD_LIBRARIES = YES;
				CODE_SIGN_STYLE = Automatic;
				CURRENT_PROJECT_VERSION = 1;
				DEVELOPMENT_TEAM = 6T2VWAK6CR;
				GENERATE_INFOPLIST_FILE = YES;
				MARKETING_VERSION = 1.0;
				PRODUCT_BUNDLE_IDENTIFIER = com.yuanxuehu.KJCalculatorUITests;
				PRODUCT_NAME = "$(TARGET_NAME)";
				SWIFT_EMIT_LOC_STRINGS = NO;
				SWIFT_VERSION = 5.0;
				TARGETED_DEVICE_FAMILY = "1,2";
				TEST_TARGET_NAME = KJCalculator;
			};
			name = Release;
		};
/* End XCBuildConfiguration section */

/* Begin XCConfigurationList section */
		6878BE792C72381500EE828F /* Build configuration list for PBXProject "KJCalculator" */ = {
			isa = XCConfigurationList;
			buildConfigurations = (
				6878BEA62C72381800EE828F /* Debug */,
				6878BEA72C72381800EE828F /* Release */,
			);
			defaultConfigurationIsVisible = 0;
			defaultConfigurationName = Release;
		};
		6878BEA82C72381800EE828F /* Build configuration list for PBXNativeTarget "KJCalculator" */ = {
			isa = XCConfigurationList;
			buildConfigurations = (
				6878BEA92C72381800EE828F /* Debug */,
				6878BEAA2C72381800EE828F /* Release */,
			);
			defaultConfigurationIsVisible = 0;
			defaultConfigurationName = Release;
		};
		6878BEAB2C72381800EE828F /* Build configuration list for PBXNativeTarget "KJCalculatorTests" */ = {
			isa = XCConfigurationList;
			buildConfigurations = (
				6878BEAC2C72381800EE828F /* Debug */,
				6878BEAD2C72381800EE828F /* Release */,
			);
			defaultConfigurationIsVisible = 0;
			defaultConfigurationName = Release;
		};
		6878BEAE2C72381800EE828F /* Build configuration list for PBXNativeTarget "KJCalculatorUITests" */ = {
			isa = XCConfigurationList;
			buildConfigurations = (
				6878BEAF2C72381800EE828F /* Debug */,
				6878BEB02C72381800EE828F /* Release */,
			);
			defaultConfigurationIsVisible = 0;
			defaultConfigurationName = Release;
		};
/* End XCConfigurationList section */
	};
	rootObject = 6878BE762C72381500EE828F /* Project object */;
}
